// !$*UTF8*$!
{
	archiveVersion = 1;
	classes = {
	};
	objectVersion = 46;
	objects = {

/* Begin PBXBuildFile section */
		9E6C6D171CC35A9E00887455 /* daemon.m in Sources */ = {isa = PBXBuildFile; fileRef = 9E6C6D0A1CC35A3D00887455 /* daemon.m */; };
		9E6C6D181CC35AB500887455 /* JPToolsStringUtils.m in Sources */ = {isa = PBXBuildFile; fileRef = 9E80C8731C7CEB5400D3C6C2 /* JPToolsStringUtils.m */; };
		9E6C6D1D1CC35BA700887455 /* JLPSyncFileInfoDaemonSettings.m in Sources */ = {isa = PBXBuildFile; fileRef = 9E6C6D1B1CC35B8900887455 /* JLPSyncFileInfoDaemonSettings.m */; };
		9E80C86A1C7CE86800D3C6C2 /* main.m in Sources */ = {isa = PBXBuildFile; fileRef = 9E80C8691C7CE86800D3C6C2 /* main.m */; };
		9E80C8741C7CEB5400D3C6C2 /* JPToolsStringUtils.m in Sources */ = {isa = PBXBuildFile; fileRef = 9E80C8731C7CEB5400D3C6C2 /* JPToolsStringUtils.m */; };
		9E80C8771C7D0A3A00D3C6C2 /* JLPSyncFileInfo.m in Sources */ = {isa = PBXBuildFile; fileRef = 9E80C8761C7D0A3A00D3C6C2 /* JLPSyncFileInfo.m */; };
		9EBF6A211CC4569700C9E1DE /* JLPSyncFileInfoThreadParams.m in Sources */ = {isa = PBXBuildFile; fileRef = 9EBF6A201CC4569700C9E1DE /* JLPSyncFileInfoThreadParams.m */; };
		9EBF6A241CC456D800C9E1DE /* JLPSyncFileInfoThread.m in Sources */ = {isa = PBXBuildFile; fileRef = 9EBF6A231CC456D800C9E1DE /* JLPSyncFileInfoThread.m */; };
/* End PBXBuildFile section */

/* Begin PBXCopyFilesBuildPhase section */
		9E6C6D0E1CC35A9100887455 /* CopyFiles */ = {
			isa = PBXCopyFilesBuildPhase;
			buildActionMask = 2147483647;
			dstPath = /usr/share/man/man1/;
			dstSubfolderSpec = 0;
			files = (
			);
			runOnlyForDeploymentPostprocessing = 1;
		};
		9E80C8641C7CE86800D3C6C2 /* CopyFiles */ = {
			isa = PBXCopyFilesBuildPhase;
			buildActionMask = 2147483647;
			dstPath = /usr/share/man/man1/;
			dstSubfolderSpec = 0;
			files = (
			);
			runOnlyForDeploymentPostprocessing = 1;
		};
/* End PBXCopyFilesBuildPhase section */

/* Begin PBXFileReference section */
		9E6C6D0A1CC35A3D00887455 /* daemon.m */ = {isa = PBXFileReference; fileEncoding = 4; lastKnownFileType = sourcecode.c.objc; path = daemon.m; sourceTree = "<group>"; };
		9E6C6D101CC35A9100887455 /* SyncFileModificationTimesDaemon */ = {isa = PBXFileReference; explicitFileType = "compiled.mach-o.executable"; includeInIndex = 0; path = SyncFileModificationTimesDaemon; sourceTree = BUILT_PRODUCTS_DIR; };
		9E6C6D1A1CC35B8900887455 /* JLPSyncFileInfoDaemonSettings.h */ = {isa = PBXFileReference; fileEncoding = 4; lastKnownFileType = sourcecode.c.h; path = JLPSyncFileInfoDaemonSettings.h; sourceTree = "<group>"; };
		9E6C6D1B1CC35B8900887455 /* JLPSyncFileInfoDaemonSettings.m */ = {isa = PBXFileReference; fileEncoding = 4; lastKnownFileType = sourcecode.c.objc; path = JLPSyncFileInfoDaemonSettings.m; sourceTree = "<group>"; };
		9E80C8661C7CE86800D3C6C2 /* SyncFileModificationTimes */ = {isa = PBXFileReference; explicitFileType = "compiled.mach-o.executable"; includeInIndex = 0; path = SyncFileModificationTimes; sourceTree = BUILT_PRODUCTS_DIR; };
		9E80C8691C7CE86800D3C6C2 /* main.m */ = {isa = PBXFileReference; lastKnownFileType = sourcecode.c.objc; path = main.m; sourceTree = "<group>"; };
		9E80C8721C7CEB5400D3C6C2 /* JPToolsStringUtils.h */ = {isa = PBXFileReference; fileEncoding = 4; lastKnownFileType = sourcecode.c.h; name = JPToolsStringUtils.h; path = Libraries/JPTools/JPToolsStringUtils.h; sourceTree = "<group>"; };
		9E80C8731C7CEB5400D3C6C2 /* JPToolsStringUtils.m */ = {isa = PBXFileReference; fileEncoding = 4; lastKnownFileType = sourcecode.c.objc; name = JPToolsStringUtils.m; path = Libraries/JPTools/JPToolsStringUtils.m; sourceTree = "<group>"; };
		9E80C8751C7D0A3A00D3C6C2 /* JLPSyncFileInfo.h */ = {isa = PBXFileReference; fileEncoding = 4; lastKnownFileType = sourcecode.c.h; path = JLPSyncFileInfo.h; sourceTree = "<group>"; };
		9E80C8761C7D0A3A00D3C6C2 /* JLPSyncFileInfo.m */ = {isa = PBXFileReference; fileEncoding = 4; lastKnownFileType = sourcecode.c.objc; path = JLPSyncFileInfo.m; sourceTree = "<group>"; };
		9EBF6A1F1CC4569700C9E1DE /* JLPSyncFileInfoThreadParams.h */ = {isa = PBXFileReference; fileEncoding = 4; lastKnownFileType = sourcecode.c.h; path = JLPSyncFileInfoThreadParams.h; sourceTree = "<group>"; };
		9EBF6A201CC4569700C9E1DE /* JLPSyncFileInfoThreadParams.m */ = {isa = PBXFileReference; fileEncoding = 4; lastKnownFileType = sourcecode.c.objc; path = JLPSyncFileInfoThreadParams.m; sourceTree = "<group>"; };
		9EBF6A221CC456D800C9E1DE /* JLPSyncFileInfoThread.h */ = {isa = PBXFileReference; fileEncoding = 4; lastKnownFileType = sourcecode.c.h; path = JLPSyncFileInfoThread.h; sourceTree = "<group>"; };
		9EBF6A231CC456D800C9E1DE /* JLPSyncFileInfoThread.m */ = {isa = PBXFileReference; fileEncoding = 4; lastKnownFileType = sourcecode.c.objc; path = JLPSyncFileInfoThread.m; sourceTree = "<group>"; };
/* End PBXFileReference section */

/* Begin PBXFrameworksBuildPhase section */
		9E6C6D0D1CC35A9100887455 /* Frameworks */ = {
			isa = PBXFrameworksBuildPhase;
			buildActionMask = 2147483647;
			files = (
			);
			runOnlyForDeploymentPostprocessing = 0;
		};
		9E80C8631C7CE86800D3C6C2 /* Frameworks */ = {
			isa = PBXFrameworksBuildPhase;
			buildActionMask = 2147483647;
			files = (
			);
			runOnlyForDeploymentPostprocessing = 0;
		};
/* End PBXFrameworksBuildPhase section */

/* Begin PBXGroup section */
		9E80C85D1C7CE86800D3C6C2 = {
			isa = PBXGroup;
			children = (
				9E80C8681C7CE86800D3C6C2 /* SyncFileModificationTimes */,
				9E80C8671C7CE86800D3C6C2 /* Products */,
			);
			sourceTree = "<group>";
		};
		9E80C8671C7CE86800D3C6C2 /* Products */ = {
			isa = PBXGroup;
			children = (
				9E80C8661C7CE86800D3C6C2 /* SyncFileModificationTimes */,
				9E6C6D101CC35A9100887455 /* SyncFileModificationTimesDaemon */,
			);
			name = Products;
			sourceTree = "<group>";
		};
		9E80C8681C7CE86800D3C6C2 /* SyncFileModificationTimes */ = {
			isa = PBXGroup;
			children = (
				9E80C8711C7CEB3900D3C6C2 /* JPTools */,
				9E80C8751C7D0A3A00D3C6C2 /* JLPSyncFileInfo.h */,
				9E80C8761C7D0A3A00D3C6C2 /* JLPSyncFileInfo.m */,
				9E6C6D1A1CC35B8900887455 /* JLPSyncFileInfoDaemonSettings.h */,
				9E6C6D1B1CC35B8900887455 /* JLPSyncFileInfoDaemonSettings.m */,
				9EBF6A1F1CC4569700C9E1DE /* JLPSyncFileInfoThreadParams.h */,
				9EBF6A201CC4569700C9E1DE /* JLPSyncFileInfoThreadParams.m */,
				9EBF6A221CC456D800C9E1DE /* JLPSyncFileInfoThread.h */,
				9EBF6A231CC456D800C9E1DE /* JLPSyncFileInfoThread.m */,
				9E80C8691C7CE86800D3C6C2 /* main.m */,
				9E6C6D0A1CC35A3D00887455 /* daemon.m */,
			);
			path = SyncFileModificationTimes;
			sourceTree = "<group>";
		};
		9E80C8711C7CEB3900D3C6C2 /* JPTools */ = {
			isa = PBXGroup;
			children = (
				9E80C8721C7CEB5400D3C6C2 /* JPToolsStringUtils.h */,
				9E80C8731C7CEB5400D3C6C2 /* JPToolsStringUtils.m */,
			);
			name = JPTools;
			sourceTree = "<group>";
		};
/* End PBXGroup section */

/* Begin PBXNativeTarget section */
		9E6C6D0F1CC35A9100887455 /* SyncFileModificationTimesDaemon */ = {
			isa = PBXNativeTarget;
			buildConfigurationList = 9E6C6D141CC35A9100887455 /* Build configuration list for PBXNativeTarget "SyncFileModificationTimesDaemon" */;
			buildPhases = (
				9E6C6D0C1CC35A9100887455 /* Sources */,
				9E6C6D0D1CC35A9100887455 /* Frameworks */,
				9E6C6D0E1CC35A9100887455 /* CopyFiles */,
			);
			buildRules = (
			);
			dependencies = (
			);
			name = SyncFileModificationTimesDaemon;
			productName = SyncFileModificationTimesDaemon;
			productReference = 9E6C6D101CC35A9100887455 /* SyncFileModificationTimesDaemon */;
			productType = "com.apple.product-type.tool";
		};
		9E80C8651C7CE86800D3C6C2 /* SyncFileModificationTimes */ = {
			isa = PBXNativeTarget;
			buildConfigurationList = 9E80C86D1C7CE86800D3C6C2 /* Build configuration list for PBXNativeTarget "SyncFileModificationTimes" */;
			buildPhases = (
				9E80C8621C7CE86800D3C6C2 /* Sources */,
				9E80C8631C7CE86800D3C6C2 /* Frameworks */,
				9E80C8641C7CE86800D3C6C2 /* CopyFiles */,
			);
			buildRules = (
			);
			dependencies = (
			);
			name = SyncFileModificationTimes;
			productName = SyncFileModificationTimes;
			productReference = 9E80C8661C7CE86800D3C6C2 /* SyncFileModificationTimes */;
			productType = "com.apple.product-type.tool";
		};
/* End PBXNativeTarget section */

/* Begin PBXProject section */
		9E80C85E1C7CE86800D3C6C2 /* Project object */ = {
			isa = PBXProject;
			attributes = {
				LastUpgradeCheck = 0720;
				ORGANIZATIONNAME = "Joshua Pilkington";
				TargetAttributes = {
					9E6C6D0F1CC35A9100887455 = {
						CreatedOnToolsVersion = 7.3;
					};
					9E80C8651C7CE86800D3C6C2 = {
						CreatedOnToolsVersion = 7.2.1;
					};
				};
			};
			buildConfigurationList = 9E80C8611C7CE86800D3C6C2 /* Build configuration list for PBXProject "SyncFileModificationTimes" */;
			compatibilityVersion = "Xcode 3.2";
			developmentRegion = English;
			hasScannedForEncodings = 0;
			knownRegions = (
				en,
			);
			mainGroup = 9E80C85D1C7CE86800D3C6C2;
			productRefGroup = 9E80C8671C7CE86800D3C6C2 /* Products */;
			projectDirPath = "";
			projectRoot = "";
			targets = (
				9E80C8651C7CE86800D3C6C2 /* SyncFileModificationTimes */,
				9E6C6D0F1CC35A9100887455 /* SyncFileModificationTimesDaemon */,
			);
		};
/* End PBXProject section */

/* Begin PBXSourcesBuildPhase section */
		9E6C6D0C1CC35A9100887455 /* Sources */ = {
			isa = PBXSourcesBuildPhase;
			buildActionMask = 2147483647;
			files = (
				9EBF6A241CC456D800C9E1DE /* JLPSyncFileInfoThread.m in Sources */,
				9E6C6D1D1CC35BA700887455 /* JLPSyncFileInfoDaemonSettings.m in Sources */,
				9E6C6D181CC35AB500887455 /* JPToolsStringUtils.m in Sources */,
				9E6C6D171CC35A9E00887455 /* daemon.m in Sources */,
				9EBF6A211CC4569700C9E1DE /* JLPSyncFileInfoThreadParams.m in Sources */,
			);
			runOnlyForDeploymentPostprocessing = 0;
		};
		9E80C8621C7CE86800D3C6C2 /* Sources */ = {
			isa = PBXSourcesBuildPhase;
			buildActionMask = 2147483647;
			files = (
				9E80C8741C7CEB5400D3C6C2 /* JPToolsStringUtils.m in Sources */,
				9E80C86A1C7CE86800D3C6C2 /* main.m in Sources */,
				9E80C8771C7D0A3A00D3C6C2 /* JLPSyncFileInfo.m in Sources */,
			);
			runOnlyForDeploymentPostprocessing = 0;
		};
/* End PBXSourcesBuildPhase section */

/* Begin XCBuildConfiguration section */
		9E6C6D151CC35A9100887455 /* Debug */ = {
			isa = XCBuildConfiguration;
			buildSettings = {
				CLANG_ANALYZER_NONNULL = YES;
				PRODUCT_NAME = "$(TARGET_NAME)";
			};
			name = Debug;
		};
		9E6C6D161CC35A9100887455 /* Release */ = {
			isa = XCBuildConfiguration;
			buildSettings = {
				CLANG_ANALYZER_NONNULL = YES;
				PRODUCT_NAME = "$(TARGET_NAME)";
			};
			name = Release;
		};
		9E80C86B1C7CE86800D3C6C2 /* Debug */ = {
			isa = XCBuildConfiguration;
			buildSettings = {
				ALWAYS_SEARCH_USER_PATHS = NO;
				CLANG_CXX_LANGUAGE_STANDARD = "gnu++0x";
				CLANG_CXX_LIBRARY = "libc++";
				CLANG_ENABLE_MODULES = YES;
				CLANG_ENABLE_OBJC_ARC = YES;
				CLANG_WARN_BOOL_CONVERSION = YES;
				CLANG_WARN_CONSTANT_CONVERSION = YES;
				CLANG_WARN_DIRECT_OBJC_ISA_USAGE = YES_ERROR;
				CLANG_WARN_EMPTY_BODY = YES;
				CLANG_WARN_ENUM_CONVERSION = YES;
				CLANG_WARN_INT_CONVERSION = YES;
				CLANG_WARN_OBJC_ROOT_CLASS = YES_ERROR;
				CLANG_WARN_UNREACHABLE_CODE = YES;
				CLANG_WARN__DUPLICATE_METHOD_MATCH = YES;
				CODE_SIGN_IDENTITY = "-";
				COPY_PHASE_STRIP = NO;
				DEBUG_INFORMATION_FORMAT = dwarf;
				ENABLE_STRICT_OBJC_MSGSEND = YES;
				ENABLE_TESTABILITY = YES;
				GCC_C_LANGUAGE_STANDARD = gnu99;
				GCC_DYNAMIC_NO_PIC = NO;
				GCC_NO_COMMON_BLOCKS = YES;
				GCC_OPTIMIZATION_LEVEL = 0;
				GCC_PREPROCESSOR_DEFINITIONS = (
					"DEBUG=1",
					"$(inherited)",
				);
				GCC_WARN_64_TO_32_BIT_CONVERSION = YES;
				GCC_WARN_ABOUT_RETURN_TYPE = YES_ERROR;
				GCC_WARN_UNDECLARED_SELECTOR = YES;
				GCC_WARN_UNINITIALIZED_AUTOS = YES_AGGRESSIVE;
				GCC_WARN_UNUSED_FUNCTION = YES;
				GCC_WARN_UNUSED_VARIABLE = YES;
				MACOSX_DEPLOYMENT_TARGET = 10.11;
				MTL_ENABLE_DEBUG_INFO = YES;
				ONLY_ACTIVE_ARCH = YES;
				SDKROOT = macosx;
			};
			name = Debug;
		};
		9E80C86C1C7CE86800D3C6C2 /* Release */ = {
			isa = XCBuildConfiguration;
			buildSettings = {
				ALWAYS_SEARCH_USER_PATHS = NO;
				CLANG_CXX_LANGUAGE_STANDARD = "gnu++0x";
				CLANG_CXX_LIBRARY = "libc++";
				CLANG_ENABLE_MODULES = YES;
				CLANG_ENABLE_OBJC_ARC = YES;
				CLANG_WARN_BOOL_CONVERSION = YES;
				CLANG_WARN_CONSTANT_CONVERSION = YES;
				CLANG_WARN_DIRECT_OBJC_ISA_USAGE = YES_ERROR;
				CLANG_WARN_EMPTY_BODY = YES;
				CLANG_WARN_ENUM_CONVERSION = YES;
				CLANG_WARN_INT_CONVERSION = YES;
				CLANG_WARN_OBJC_ROOT_CLASS = YES_ERROR;
				CLANG_WARN_UNREACHABLE_CODE = YES;
				CLANG_WARN__DUPLICATE_METHOD_MATCH = YES;
				CODE_SIGN_IDENTITY = "-";
				COPY_PHASE_STRIP = NO;
				DEBUG_INFORMATION_FORMAT = "dwarf-with-dsym";
				ENABLE_NS_ASSERTIONS = NO;
				ENABLE_STRICT_OBJC_MSGSEND = YES;
				GCC_C_LANGUAGE_STANDARD = gnu99;
				GCC_NO_COMMON_BLOCKS = YES;
				GCC_WARN_64_TO_32_BIT_CONVERSION = YES;
				GCC_WARN_ABOUT_RETURN_TYPE = YES_ERROR;
				GCC_WARN_UNDECLARED_SELECTOR = YES;
				GCC_WARN_UNINITIALIZED_AUTOS = YES_AGGRESSIVE;
				GCC_WARN_UNUSED_FUNCTION = YES;
				GCC_WARN_UNUSED_VARIABLE = YES;
				MACOSX_DEPLOYMENT_TARGET = 10.11;
				MTL_ENABLE_DEBUG_INFO = NO;
				SDKROOT = macosx;
			};
			name = Release;
		};
		9E80C86E1C7CE86800D3C6C2 /* Debug */ = {
			isa = XCBuildConfiguration;
			buildSettings = {
				PRODUCT_NAME = "$(TARGET_NAME)";
			};
			name = Debug;
		};
		9E80C86F1C7CE86800D3C6C2 /* Release */ = {
			isa = XCBuildConfiguration;
			buildSettings = {
				PRODUCT_NAME = "$(TARGET_NAME)";
			};
			name = Release;
		};
/* End XCBuildConfiguration section */

/* Begin XCConfigurationList section */
		9E6C6D141CC35A9100887455 /* Build configuration list for PBXNativeTarget "SyncFileModificationTimesDaemon" */ = {
			isa = XCConfigurationList;
			buildConfigurations = (
				9E6C6D151CC35A9100887455 /* Debug */,
				9E6C6D161CC35A9100887455 /* Release */,
			);
			defaultConfigurationIsVisible = 0;
			defaultConfigurationName = Release;
		};
		9E80C8611C7CE86800D3C6C2 /* Build configuration list for PBXProject "SyncFileModificationTimes" */ = {
			isa = XCConfigurationList;
			buildConfigurations = (
				9E80C86B1C7CE86800D3C6C2 /* Debug */,
				9E80C86C1C7CE86800D3C6C2 /* Release */,
			);
			defaultConfigurationIsVisible = 0;
			defaultConfigurationName = Release;
		};
		9E80C86D1C7CE86800D3C6C2 /* Build configuration list for PBXNativeTarget "SyncFileModificationTimes" */ = {
			isa = XCConfigurationList;
			buildConfigurations = (
				9E80C86E1C7CE86800D3C6C2 /* Debug */,
				9E80C86F1C7CE86800D3C6C2 /* Release */,
			);
			defaultConfigurationIsVisible = 0;
			defaultConfigurationName = Release;
		};
/* End XCConfigurationList section */
	};
	rootObject = 9E80C85E1C7CE86800D3C6C2 /* Project object */;
}
